
Microsoft Visual Studio Solution File, Format Version 12.00
# Visual Studio Version 16
VisualStudioVersion = 16.0.31729.503
MinimumVisualStudioVersion = 10.0.40219.1
Project("{8BC9CEB8-8B4A-11D0-8D11-00A0C91BC942}") = "230817_1", "230817_1\230817_1.vcxproj", "{56C91922-E423-4088-A63A-DA4E966776EC}"
EndProject
Global
	GlobalSection(SolutionConfigurationPlatforms) = preSolution
		Debug|x64 = Debug|x64
		Debug|x86 = Debug|x86
		Release|x64 = Release|x64
		Release|x86 = Release|x86
	EndGlobalSection
	GlobalSection(ProjectConfigurationPlatforms) = postSolution
		{56C91922-E423-4088-A63A-DA4E966776EC}.Debug|x64.ActiveCfg = Debug|x64
		{56C91922-E423-4088-A63A-DA4E966776EC}.Debug|x64.Build.0 = Debug|x64
		{56C91922-E423-4088-A63A-DA4E966776EC}.Debug|x86.ActiveCfg = Debug|Win32
		{56C91922-E423-4088-A63A-DA4E966776EC}.Debug|x86.Build.0 = Debug|Win32
		{56C91922-E423-4088-A63A-DA4E966776EC}.Release|x64.ActiveCfg = Release|x64
		{56C91922-E423-4088-A63A-DA4E966776EC}.Release|x64.Build.0 = Release|x64
		{56C91922-E423-4088-A63A-DA4E966776EC}.Release|x86.ActiveCfg = Release|Win32
		{56C91922-E423-4088-A63A-DA4E966776EC}.Release|x86.Build.0 = Release|Win32
	EndGlobalSection
	GlobalSection(SolutionProperties) = preSolution
		HideSolutionNode = FALSE
	EndGlobalSection
	GlobalSection(ExtensibilityGlobals) = postSolution
		SolutionGuid = {2D423AAC-DAA5-4261-84E1-D915BEE0C6B4}
	EndGlobalSection
EndGlobal
