
Microsoft Visual Studio Solution File, Format Version 12.00
# Visual Studio Version 16
VisualStudioVersion = 16.0.31729.503
MinimumVisualStudioVersion = 10.0.40219.1
Project("{8BC9CEB8-8B4A-11D0-8D11-00A0C91BC942}") = "230829_1", "230829_1\230829_1.vcxproj", "{34833C00-98D5-41C1-AF81-9C95A0F69085}"
EndProject
Global
	GlobalSection(SolutionConfigurationPlatforms) = preSolution
		Debug|x64 = Debug|x64
		Debug|x86 = Debug|x86
		Release|x64 = Release|x64
		Release|x86 = Release|x86
	EndGlobalSection
	GlobalSection(ProjectConfigurationPlatforms) = postSolution
		{34833C00-98D5-41C1-AF81-9C95A0F69085}.Debug|x64.ActiveCfg = Debug|x64
		{34833C00-98D5-41C1-AF81-9C95A0F69085}.Debug|x64.Build.0 = Debug|x64
		{34833C00-98D5-41C1-AF81-9C95A0F69085}.Debug|x86.ActiveCfg = Debug|Win32
		{34833C00-98D5-41C1-AF81-9C95A0F69085}.Debug|x86.Build.0 = Debug|Win32
		{34833C00-98D5-41C1-AF81-9C95A0F69085}.Release|x64.ActiveCfg = Release|x64
		{34833C00-98D5-41C1-AF81-9C95A0F69085}.Release|x64.Build.0 = Release|x64
		{34833C00-98D5-41C1-AF81-9C95A0F69085}.Release|x86.ActiveCfg = Release|Win32
		{34833C00-98D5-41C1-AF81-9C95A0F69085}.Release|x86.Build.0 = Release|Win32
	EndGlobalSection
	GlobalSection(SolutionProperties) = preSolution
		HideSolutionNode = FALSE
	EndGlobalSection
	GlobalSection(ExtensibilityGlobals) = postSolution
		SolutionGuid = {7D1EF28B-B0B3-4C2A-9137-879C4754BBA1}
	EndGlobalSection
EndGlobal
